{
  "name": "personal-blog",
  "lockfileVersion": 3,
  "requires": true,
  "packages": {
    "": {
      "dependencies": {
        "embla-carousel-autoplay": "^8.0.0-rc19"
      }
    },
    "node_modules/embla-carousel": {
      "version": "8.0.0-rc19",
      "resolved": "https://registry.npmjs.org/embla-carousel/-/embla-carousel-8.0.0-rc19.tgz",
      "integrity": "sha512-PAChVyYoVZo8subkBN8LjZ7+0vk4CmVvMnxH0Y2ux76VUEUBl1wk5xDo8+MUhH5MXU6ZrgkBpMe++bKob1Z+2g==",
      "peer": true
    },
    "node_modules/embla-carousel-autoplay": {
      "version": "8.0.0-rc19",
      "resolved": "https://registry.npmjs.org/embla-carousel-autoplay/-/embla-carousel-autoplay-8.0.0-rc19.tgz",
      "integrity": "sha512-c1pxsGHuWbYD3outH5y4L+kzg15smyHKFIDmXLaXlI6rCiizzf6hWMW0ZgxJLV4y4nUwDrYhM6TtzxvvOcsfUw==",
      "peerDependencies": {
        "embla-carousel": "8.0.0-rc19"
      }
    }
  }
}
